
Microsoft Visual Studio Solution File, Format Version 12.00
# Visual Studio Version 16
VisualStudioVersion = 16.0.30804.86
MinimumVisualStudioVersion = 10.0.40219.1
Project("{FAE04EC0-301F-11D3-BF4B-00C04F79EFBC}") = "ChatAppPoc", "ChatAppPoc\ChatAppPoc.csproj", "{42A968E6-BD00-470A-8AB1-EAB2096BFA1A}"
EndProject
Global
	GlobalSection(SolutionConfigurationPlatforms) = preSolution
		Debug|Any CPU = Debug|Any CPU
		Release|Any CPU = Release|Any CPU
	EndGlobalSection
	GlobalSection(ProjectConfigurationPlatforms) = postSolution
		{42A968E6-BD00-470A-8AB1-EAB2096BFA1A}.Debug|Any CPU.ActiveCfg = Debug|Any CPU
		{42A968E6-BD00-470A-8AB1-EAB2096BFA1A}.Debug|Any CPU.Build.0 = Debug|Any CPU
		{42A968E6-BD00-470A-8AB1-EAB2096BFA1A}.Release|Any CPU.ActiveCfg = Release|Any CPU
		{42A968E6-BD00-470A-8AB1-EAB2096BFA1A}.Release|Any CPU.Build.0 = Release|Any CPU
	EndGlobalSection
	GlobalSection(SolutionProperties) = preSolution
		HideSolutionNode = FALSE
	EndGlobalSection
	GlobalSection(ExtensibilityGlobals) = postSolution
		SolutionGuid = {808C9B75-C8F3-4F07-AAAA-42AD53DE0583}
	EndGlobalSection
EndGlobal
